{"SurveyEntry":{"SurveyID":"SV_8AhNKUkgXXDVaOa","SurveyName":"Psych 251","SurveyDescription":null,"SurveyOwnerID":"UR_0qdhKRtQq99LfQa","SurveyBrandID":"stanforduniversity","DivisionID":null,"SurveyLanguage":"EN","SurveyActiveResponseSet":"RS_38EGG5j3vxg58pM","SurveyStatus":"Active","SurveyStartDate":"0000-00-00 00:00:00","SurveyExpirationDate":"0000-00-00 00:00:00","SurveyCreationDate":"2023-11-13 18:26:39","CreatorID":"UR_0qdhKRtQq99LfQa","LastModified":"2024-03-06 21:58:00","LastAccessed":"0000-00-00 00:00:00","LastActivated":"2023-11-16 19:20:15","Deleted":null},"SurveyElements":[{"SurveyID":"SV_8AhNKUkgXXDVaOa","Element":"BL","PrimaryAttribute":"Survey Blocks","SecondaryAttribute":null,"TertiaryAttribute":null,"Payload":[{"Type":"Default","Description":"RepFavorable","ID":"BL_08jYSG7kx6qNVEG","BlockElements":[{"Type":"Question","QuestionID":"QID1"},{"Type":"Question","QuestionID":"QID3"},{"Type":"Question","QuestionID":"QID4"},{"Type":"Question","QuestionID":"QID5"},{"Type":"Question","QuestionID":"QID2"}],"Options":{"BlockLocking":"false","RandomizeQuestions":"false","BlockVisibility":"Expanded"}},{"Type":"Trash","Description":"Trash \/ Unused Questions","ID":"BL_dht72WJCWBGHpwa","BlockElements":[]},{"Type":"Standard","SubType":"","Description":"prolific","ID":"BL_0pwLK1aimKUjDBs","Options":{"BlockLocking":"false","RandomizeQuestions":"false","BlockVisibility":"Expanded"},"BlockElements":[{"Type":"Question","QuestionID":"QID13"}]},{"Type":"Standard","Description":"RepUnfavorable","ID":"BL_5u2u77MXeW1MzPw","BlockElements":[{"Type":"Question","QuestionID":"QID7"},{"Type":"Question","QuestionID":"QID8"},{"Type":"Question","QuestionID":"QID9"},{"Type":"Question","QuestionID":"QID10"},{"Type":"Question","QuestionID":"QID11"}],"Options":{"BlockLocking":false,"RandomizeQuestions":"false","BlockVisibility":"Expanded"}},{"Type":"Standard","SubType":"","Description":"Survey","ID":"BL_dnegZaU3lUWiJfM","BlockElements":[{"Type":"Question","QuestionID":"QID29"},{"Type":"Question","QuestionID":"QID42"},{"Type":"Question","QuestionID":"QID30"},{"Type":"Question","QuestionID":"QID38"},{"Type":"Question","QuestionID":"QID31"},{"Type":"Question","QuestionID":"QID32"},{"Type":"Question","QuestionID":"QID33"},{"Type":"Question","QuestionID":"QID34"},{"Type":"Question","QuestionID":"QID35"},{"Type":"Question","QuestionID":"QID36"},{"Type":"Question","QuestionID":"QID37"}]},{"Type":"Standard","Description":"DemFavorable","ID":"BL_0U7kmPXxkIDFBDE","BlockElements":[{"Type":"Question","QuestionID":"QID18"},{"Type":"Question","QuestionID":"QID19"},{"Type":"Question","QuestionID":"QID20"},{"Type":"Question","QuestionID":"QID21"},{"Type":"Question","QuestionID":"QID22"}],"Options":{"BlockLocking":false,"RandomizeQuestions":"false","BlockVisibility":"Expanded"}},{"Type":"Standard","Description":"DemUnfavorable","ID":"BL_3NIpdCErIHv6xVA","BlockElements":[{"Type":"Question","QuestionID":"QID23"},{"Type":"Question","QuestionID":"QID24"},{"Type":"Question","QuestionID":"QID25"},{"Type":"Question","QuestionID":"QID26"},{"Type":"Question","QuestionID":"QID27"}],"Options":{"BlockLocking":false,"RandomizeQuestions":"false","BlockVisibility":"Expanded"}},{"Type":"Standard","SubType":"","Description":"Consent Form","ID":"BL_2tMVXPgFgMtCBDM","BlockElements":[{"Type":"Question","QuestionID":"QID39"}]},{"Type":"Standard","SubType":"","Description":"End of survey messages","ID":"BL_3QKGtH2CpUhQ0vA","BlockElements":[{"Type":"Question","QuestionID":"QID40"}]}]},{"SurveyID":"SV_8AhNKUkgXXDVaOa","Element":"FL","PrimaryAttribute":"Survey Flow","SecondaryAttribute":null,"TertiaryAttribute":null,"Payload":{"Type":"Root","FlowID":"FL_1","Flow":[{"Type":"EmbeddedData","FlowID":"FL_24","EmbeddedData":[{"Description":"PROLIFIC_PID","Type":"Recipient","Field":"PROLIFIC_PID","VariableType":"String","DataVisibility":[],"AnalyzeText":false}]},{"Type":"Standard","ID":"BL_2tMVXPgFgMtCBDM","FlowID":"FL_21","Autofill":[]},{"Type":"Branch","FlowID":"FL_22","Description":"New Branch","BranchLogic":{"0":{"0":{"LogicType":"Question","QuestionID":"QID39","QuestionIsInLoop":"no","ChoiceLocator":"q:\/\/QID39\/SelectableChoice\/1","Operator":"NotSelected","QuestionIDFromLocator":"QID39","LeftOperand":"q:\/\/QID39\/SelectableChoice\/1","Type":"Expression","Description":"<span class=\"ConjDesc\">If<\/span> <span class=\"QuestionDesc\">By answering the following questions, you are participating in a study being performed by cogniti...<\/span> <span class=\"LeftOpDesc\">I agree<\/span> <span class=\"OpDesc\">Is Not Selected<\/span> "},"Type":"If"},"Type":"BooleanExpression"},"Flow":[{"Type":"EndSurvey","FlowID":"FL_23","EndingType":"Advanced","Options":{"Advanced":"true","SurveyTermination":"DisplayMessage","EOSMessageLibrary":"UR_0qdhKRtQq99LfQa","EOSMessage":"MS_eyqSQYyYeZQ5Hfg"}}]},{"Type":"Block","ID":"BL_0pwLK1aimKUjDBs","FlowID":"FL_10","Autofill":[]},{"Type":"BlockRandomizer","FlowID":"FL_5","SubSet":1,"EvenPresentation":true,"Flow":[{"Type":"Block","ID":"BL_08jYSG7kx6qNVEG","FlowID":"FL_8","Autofill":[]},{"Type":"Block","ID":"BL_5u2u77MXeW1MzPw","FlowID":"FL_9","Autofill":[]},{"Type":"Standard","ID":"BL_0U7kmPXxkIDFBDE","FlowID":"FL_19","Autofill":[]},{"Type":"Standard","ID":"BL_3NIpdCErIHv6xVA","FlowID":"FL_20","Autofill":[]}]},{"Type":"Block","ID":"BL_dnegZaU3lUWiJfM","FlowID":"FL_12","Autofill":[]},{"Type":"Standard","ID":"BL_3QKGtH2CpUhQ0vA","FlowID":"FL_25","Autofill":[]},{"Type":"EndSurvey","FlowID":"FL_26","EndingType":"Advanced","Options":{"Advanced":"true","SurveyTermination":"Redirect","EOSRedirectURL":"https:\/\/app.prolific.com\/submissions\/complete?cc=CNVRYDDY"}}],"Properties":{"Count":26,"RemovedFieldsets":[]}}},{"SurveyID":"SV_8AhNKUkgXXDVaOa","Element":"PL","PrimaryAttribute":"Preview Link","SecondaryAttribute":null,"TertiaryAttribute":null,"Payload":{"PreviewType":"Brand","PreviewID":"4d675311-2dca-4e89-ba77-fce33760c22a"}},{"SurveyID":"SV_8AhNKUkgXXDVaOa","Element":"SO","PrimaryAttribute":"Survey Options","SecondaryAttribute":null,"TertiaryAttribute":null,"Payload":{"BackButton":"false","SaveAndContinue":"true","SurveyProtection":"PublicSurvey","BallotBoxStuffingPrevention":"false","NoIndex":"Yes","SecureResponseFiles":"true","SurveyExpiration":"None","SurveyTermination":"Redirect","Header":"","Footer":"","ProgressBarDisplay":"None","PartialData":"+1 week","ValidationMessage":null,"PreviousButton":" \u2190 ","NextButton":" \u2192 ","SurveyTitle":"Qualtrics Survey | Qualtrics Experience Management","SkinLibrary":"stanforduniversity","SkinType":"templated","Skin":{"brandingId":"5236136929","templateId":"*base","overrides":null},"NewScoring":1,"SurveyMetaDescription":"The most powerful, simple and trusted way to gather experience data. Start your journey to experience management and try a free account today.","EOSMessage":null,"ShowExportTags":"false","CollectGeoLocation":"false","PasswordProtection":"No","AnonymizeResponse":"No","RefererCheck":"No","BallotBoxStuffingPreventionBehavior":null,"BallotBoxStuffingPreventionMessage":null,"BallotBoxStuffingPreventionMessageLibrary":null,"BallotBoxStuffingPreventionURL":null,"RecaptchaV3":"true","ConfirmStart":false,"AutoConfirmStart":false,"RelevantID":"false","RelevantIDLockoutPeriod":"+30 days","UseCustomSurveyLinkCompletedMessage":null,"SurveyLinkCompletedMessage":null,"SurveyLinkCompletedMessageLibrary":null,"ResponseSummary":"No","EOSMessageLibrary":null,"EOSRedirectURL":"https:\/\/app.prolific.com\/submissions\/complete?cc=CNVRYDDY","EmailThankYou":"false","ThankYouEmailMessageLibrary":null,"ThankYouEmailMessage":null,"ValidateMessage":"false","ValidationMessageLibrary":null,"InactiveSurvey":null,"PartialDeletion":null,"PartialDataCloseAfter":"LastActivity","InactiveMessageLibrary":null,"InactiveMessage":null,"AvailableLanguages":{"EN":[]},"SurveyName":"Psych 251","CustomStyles":[],"ProtectSelectionIds":true}},{"SurveyID":"SV_8AhNKUkgXXDVaOa","Element":"QGO","PrimaryAttribute":"QGO_QuotaGroupOrder","SecondaryAttribute":null,"TertiaryAttribute":null,"Payload":["QG_eh3xmTyfjIRO37G"]},{"SurveyID":"SV_8AhNKUkgXXDVaOa","Element":"SCO","PrimaryAttribute":"Scoring","SecondaryAttribute":null,"TertiaryAttribute":null,"Payload":{"ScoringCategories":[],"ScoringCategoryGroups":[],"ScoringSummaryCategory":null,"ScoringSummaryAfterQuestions":0,"ScoringSummaryAfterSurvey":0,"DefaultScoringCategory":null,"AutoScoringCategory":null}},{"SurveyID":"SV_8AhNKUkgXXDVaOa","Element":"PROJ","PrimaryAttribute":"CORE","SecondaryAttribute":null,"TertiaryAttribute":"1.1.0","Payload":{"ProjectCategory":"CORE","SchemaVersion":"1.1.0"}},{"SurveyID":"SV_8AhNKUkgXXDVaOa","Element":"STAT","PrimaryAttribute":"Survey Statistics","SecondaryAttribute":null,"TertiaryAttribute":null,"Payload":{"MobileCompatible":false,"ID":"Survey Statistics"}},{"SurveyID":"SV_8AhNKUkgXXDVaOa","Element":"QC","PrimaryAttribute":"Survey Question Count","SecondaryAttribute":"42","TertiaryAttribute":null,"Payload":null},{"SurveyID":"SV_8AhNKUkgXXDVaOa","Element":"SQ","PrimaryAttribute":"QID29","SecondaryAttribute":"Approximately how many surveys have you completed in the last 30 days?","TertiaryAttribute":null,"Payload":{"QuestionText":"Approximately how many surveys have you completed in the last 30 days?","DefaultChoices":false,"DataExportTag":"num_surveys","QuestionType":"TE","Selector":"SL","Configuration":{"QuestionDescriptionOption":"UseText"},"QuestionDescription":"Approximately how many surveys have you completed in the last 30 days?","Validation":{"Settings":{"ForceResponse":"OFF","Type":"ContentType","MinChars":"1","ContentType":"ValidNumber","ValidDateType":"DateWithFormat","ValidPhoneType":"ValidUSPhone","ValidZipType":"ValidUSZip","ValidNumber":{"Min":"0","Max":"1000","NumDecimals":""}}},"GradingData":[],"Language":[],"NextChoiceId":4,"NextAnswerId":1,"SearchSource":{"AllowFreeResponse":"false"},"QuestionID":"QID29","DataVisibility":{"Private":false,"Hidden":false}}},{"SurveyID":"SV_8AhNKUkgXXDVaOa","Element":"SQ","PrimaryAttribute":"QID39","SecondaryAttribute":"By answering the following questions, you are participating in a study being performed by cogniti...","TertiaryAttribute":null,"Payload":{"QuestionText":"By answering the following questions, you are participating in a study being performed by cognitive scientists in the Stanford Department of Psychology. If you have questions about this research, please contact us at stanfordpsych251@gmail.com. You must be at least 18 years old to participate. Your participation in this research is voluntary. You may decline to answer any or all of the following questions. You may decline further participation, at any time, without adverse consequences. Your anonymity is assured; the researchers who have requested your participation will not receive any personal information about you.<br>\n<br>\n<b>Study Overview: <\/b>\n<ul>\n\t<li><strong>Objective<\/strong>: This research aims to improve our understanding of social perception and communication. We want to investigate how different descriptions of a person's actions affect our perceptions and potential interactions.<\/li>\n\t<li><strong>Task<\/strong>: You will read a short passage about a character named Peter, followed by questions on your perceptions.<\/li>\n\t<li><strong>Duration<\/strong>: The survey takes approximately 5 min to complete.&nbsp;<br><\/li>\n<\/ul><div><br><\/div><div><\/div>We appreciate your participation and ask that you not share this information with other potential participants. To consent and proceed, click the button below.\n\n<div><br><\/div><div>Do you agree to continue?<\/div>","DefaultChoices":false,"DataExportTag":"consent","QuestionType":"MC","Selector":"SAVR","SubSelector":"TX","Configuration":{"QuestionDescriptionOption":"UseText"},"QuestionDescription":"By answering the following questions, you are participating in a study being performed by cogniti...","Choices":{"1":{"Display":"I agree"},"2":{"Display":"I don't agree"}},"ChoiceOrder":["1","2"],"Validation":{"Settings":{"ForceResponse":"ON","ForceResponseType":"ON","Type":"None"}},"GradingData":[],"Language":[],"NextChoiceId":4,"NextAnswerId":1,"QuestionID":"QID39","DataVisibility":{"Private":false,"Hidden":false}}},{"SurveyID":"SV_8AhNKUkgXXDVaOa","Element":"QG","PrimaryAttribute":"QG_eh3xmTyfjIRO37G","SecondaryAttribute":"Default Quota Group","TertiaryAttribute":null,"Payload":{"ID":"QG_eh3xmTyfjIRO37G","Name":"Default Quota Group","Selected":true,"MultipleMatch":"PlaceInAll","Public":false,"Quotas":[]}},{"SurveyID":"SV_8AhNKUkgXXDVaOa","Element":"RS","PrimaryAttribute":"RS_38EGG5j3vxg58pM","SecondaryAttribute":"Default Response Set","TertiaryAttribute":null,"Payload":null},{"SurveyID":"SV_8AhNKUkgXXDVaOa","Element":"SQ","PrimaryAttribute":"QID37","SecondaryAttribute":"Generally speaking, do you usually consider yourself a Democrat, a Republican, an Independent, or...","TertiaryAttribute":null,"Payload":{"QuestionText":"Generally speaking, do you usually consider yourself a Democrat, a Republican, an Independent, or affliliated with another political party?","DefaultChoices":false,"DataExportTag":"polid","QuestionType":"MC","Selector":"SAVR","SubSelector":"TX","Configuration":{"QuestionDescriptionOption":"UseText"},"QuestionDescription":"Generally speaking, do you usually consider yourself a Democrat, a Republican, an Independent, or...","Choices":{"1":{"Display":"Democrat"},"2":{"Display":"Republican"},"3":{"Display":"Independent"},"4":{"Display":"Other political party"}},"ChoiceOrder":[1,2,3,4],"Validation":{"Settings":{"ForceResponse":"ON","ForceResponseType":"ON","Type":"None"}},"GradingData":[],"Language":[],"NextChoiceId":5,"NextAnswerId":1,"QuestionID":"QID37","DataVisibility":{"Private":false,"Hidden":false}}},{"SurveyID":"SV_8AhNKUkgXXDVaOa","Element":"SQ","PrimaryAttribute":"QID2","SecondaryAttribute":"How likely is it that you and the COMMUNICATOR would be friends?","TertiaryAttribute":null,"Payload":{"QuestionText":"How likely is it that you and the <b>COMMUNICATOR<\/b> would be friends?","DefaultChoices":false,"DataExportTag":"likelyfriends1","QuestionID":"QID2","QuestionType":"MC","Selector":"SAVR","SubSelector":"TX","Configuration":{"QuestionDescriptionOption":"UseText","TextPosition":"inline","LabelPosition":"BELOW"},"QuestionDescription":"How likely is it that you and the COMMUNICATOR would be friends?","Choices":{"1":{"Display":"It is not at all likely"},"2":{"Display":"It is slightly likely"},"3":{"Display":"It is somewhat likely"},"4":{"Display":"It is moderately likely"},"5":{"Display":"It is extremely likely"}},"ChoiceOrder":[1,2,3,4,5],"Validation":{"Settings":{"ForceResponse":"ON","ForceResponseType":"ON","Type":"None"}},"GradingData":[],"Language":[],"NextChoiceId":6,"NextAnswerId":7,"DataVisibility":{"Private":false,"Hidden":false}}},{"SurveyID":"SV_8AhNKUkgXXDVaOa","Element":"SQ","PrimaryAttribute":"QID11","SecondaryAttribute":"How likely is it that you and the COMMUNICATOR would be friends?","TertiaryAttribute":null,"Payload":{"QuestionText":"How likely is it that you and the <b>COMMUNICATOR<\/b> would be friends?","DefaultChoices":false,"QuestionType":"MC","Selector":"SAVR","SubSelector":"TX","Configuration":{"QuestionDescriptionOption":"UseText","TextPosition":"inline","LabelPosition":"BELOW"},"QuestionDescription":"How likely is it that you and the COMMUNICATOR would be friends?","Choices":{"1":{"Display":"It is not at all likely"},"2":{"Display":"It is slightly likely"},"3":{"Display":"It is somewhat likely"},"4":{"Display":"It is moderately likely"},"5":{"Display":"It is extremely likely"}},"ChoiceOrder":[1,2,3,4,5],"Validation":{"Settings":{"ForceResponse":"ON","ForceResponseType":"ON","Type":"None"}},"GradingData":[],"Language":[],"NextChoiceId":6,"NextAnswerId":7,"DataVisibility":{"Private":false,"Hidden":false},"QuestionText_Unsafe":"How likely is it that you and the <b>COMMUNICATOR<\/b> would be friends?","DataExportTag":"likelyfriends2","QuestionID":"QID11"}},{"SurveyID":"SV_8AhNKUkgXXDVaOa","Element":"SQ","PrimaryAttribute":"QID22","SecondaryAttribute":"How likely is it that you and the COMMUNICATOR would be friends?","TertiaryAttribute":null,"Payload":{"QuestionText":"How likely is it that you and the <b>COMMUNICATOR<\/b> would be friends?","DefaultChoices":false,"QuestionType":"MC","Selector":"SAVR","SubSelector":"TX","Configuration":{"QuestionDescriptionOption":"UseText","TextPosition":"inline","LabelPosition":"BELOW"},"QuestionDescription":"How likely is it that you and the COMMUNICATOR would be friends?","Choices":{"1":{"Display":"It is not at all likely"},"2":{"Display":"It is slightly likely"},"3":{"Display":"It is somewhat likely"},"4":{"Display":"It is moderately likely"},"5":{"Display":"It is extremely likely"}},"ChoiceOrder":[1,2,3,4,5],"Validation":{"Settings":{"ForceResponse":"ON","ForceResponseType":"ON","Type":"None"}},"GradingData":[],"Language":[],"NextChoiceId":6,"NextAnswerId":7,"DataVisibility":{"Private":false,"Hidden":false},"QuestionText_Unsafe":"How likely is it that you and the <b>COMMUNICATOR<\/b> would be friends?","DataExportTag":"likelyfriends3","QuestionID":"QID22"}},{"SurveyID":"SV_8AhNKUkgXXDVaOa","Element":"SQ","PrimaryAttribute":"QID27","SecondaryAttribute":"How likely is it that you and the COMMUNICATOR would be friends?","TertiaryAttribute":null,"Payload":{"QuestionText":"How likely is it that you and the <b>COMMUNICATOR<\/b> would be friends?","DefaultChoices":false,"QuestionType":"MC","Selector":"SAVR","SubSelector":"TX","Configuration":{"QuestionDescriptionOption":"UseText","TextPosition":"inline","LabelPosition":"BELOW"},"QuestionDescription":"How likely is it that you and the COMMUNICATOR would be friends?","Choices":{"1":{"Display":"It is not at all likely"},"2":{"Display":"It is slightly likely"},"3":{"Display":"It is somewhat likely"},"4":{"Display":"It is moderately likely"},"5":{"Display":"It is extremely likely"}},"ChoiceOrder":[1,2,3,4,5],"Validation":{"Settings":{"ForceResponse":"ON","ForceResponseType":"ON","Type":"None"}},"GradingData":[],"Language":[],"NextChoiceId":6,"NextAnswerId":7,"DataVisibility":{"Private":false,"Hidden":false},"QuestionText_Unsafe":"How likely is it that you and the <b>COMMUNICATOR<\/b> would be friends?","DataExportTag":"likelyfriends4","QuestionID":"QID27"}},{"SurveyID":"SV_8AhNKUkgXXDVaOa","Element":"SQ","PrimaryAttribute":"QID30","SecondaryAttribute":"How warmly do you feel toward Democrats, in general? (Cold = 0, Warm = 100)","TertiaryAttribute":null,"Payload":{"QuestionText":"How warmly do you feel toward Democrats, in general? (Cold = 0, Warm = 100)","DefaultChoices":false,"DataExportTag":"democrat_warm","QuestionID":"QID30","QuestionType":"Slider","Selector":"HSLIDER","Configuration":{"QuestionDescriptionOption":"UseText","CSSliderMin":0,"CSSliderMax":100,"GridLines":10,"SnapToGrid":false,"NumDecimals":"0","ShowValue":true,"CustomStart":false,"NotApplicable":false,"MobileFirst":true},"QuestionDescription":"How warmly do you feel toward Democrats, in general? (Cold = 0, Warm = 100)","Choices":{"1":{"Display":"Warm Feeling"}},"ChoiceOrder":[1],"Validation":{"Settings":{"ForceResponse":"OFF","Type":"None"}},"GradingData":[],"Language":[],"NextChoiceId":2,"NextAnswerId":1,"Labels":[],"DataVisibility":{"Private":false,"Hidden":false}}},{"SurveyID":"SV_8AhNKUkgXXDVaOa","Element":"SQ","PrimaryAttribute":"QID38","SecondaryAttribute":"How warmly do you feel toward Republicans, in general? (Cold = 0, Warm = 100)","TertiaryAttribute":null,"Payload":{"QuestionText":"How warmly do you feel toward Republicans, in general?&nbsp;(Cold = 0, Warm = 100)","DefaultChoices":false,"DataExportTag":"republican_warm","QuestionID":"QID38","QuestionType":"Slider","Selector":"HSLIDER","DataVisibility":{"Private":false,"Hidden":false},"Configuration":{"QuestionDescriptionOption":"UseText","CSSliderMin":0,"CSSliderMax":100,"GridLines":10,"SnapToGrid":false,"NumDecimals":"0","ShowValue":true,"CustomStart":false,"NotApplicable":false,"MobileFirst":true},"QuestionDescription":"How warmly do you feel toward Republicans, in general? (Cold = 0, Warm = 100)","Choices":{"1":{"Display":"Warm Feeling"}},"ChoiceOrder":[1],"Validation":{"Settings":{"ForceResponse":"OFF","Type":"None"}},"GradingData":[],"Language":[],"NextChoiceId":2,"NextAnswerId":1,"Labels":[]}},{"SurveyID":"SV_8AhNKUkgXXDVaOa","Element":"SQ","PrimaryAttribute":"QID34","SecondaryAttribute":"I endorse many aspects of conservative political ideology","TertiaryAttribute":null,"Payload":{"QuestionText":"I endorse many aspects of conservative political ideology","DefaultChoices":false,"DataExportTag":"conserv","QuestionType":"MC","Selector":"SAVR","SubSelector":"TX","Configuration":{"QuestionDescriptionOption":"UseText","Autoscale":{"YScale":{"Name":"agreeDisagree","Type":"likert","Reverse":false}}},"QuestionDescription":"I endorse many aspects of conservative political ideology","Choices":{"1":{"Display":"Strongly disagree"},"2":{"Display":"Disagree"},"3":{"Display":"Somewhat disagree"},"4":{"Display":"Neither agree nor disagree"},"5":{"Display":"Somewhat agree"},"6":{"Display":"Agree"},"7":{"Display":"Strongly agree"}},"ChoiceOrder":[1,2,3,4,5,6,7],"Validation":{"Settings":{"ForceResponse":"OFF","Type":"None"}},"GradingData":[],"Language":[],"NextChoiceId":8,"NextAnswerId":1,"QuestionID":"QID34","DataVisibility":{"Private":false,"Hidden":false}}},{"SurveyID":"SV_8AhNKUkgXXDVaOa","Element":"SQ","PrimaryAttribute":"QID35","SecondaryAttribute":"I endorse many aspects of liberal political ideology","TertiaryAttribute":null,"Payload":{"QuestionText":"I endorse many aspects of liberal political ideology","DefaultChoices":false,"DataExportTag":"liberal","QuestionType":"MC","Selector":"SAVR","SubSelector":"TX","Configuration":{"QuestionDescriptionOption":"UseText","Autoscale":{"YScale":{"Name":"agreeDisagree","Type":"likert","Reverse":false}}},"QuestionDescription":"I endorse many aspects of liberal political ideology","Choices":{"1":{"Display":"Strongly disagree"},"2":{"Display":"Disagree"},"3":{"Display":"Somewhat disagree"},"4":{"Display":"Neither agree nor disagree"},"5":{"Display":"Somewhat agree"},"6":{"Display":"Agree"},"7":{"Display":"Strongly agree"}},"ChoiceOrder":[1,2,3,4,5,6,7],"Validation":{"Settings":{"ForceResponse":"OFF","Type":"None"}},"GradingData":[],"Language":[],"NextChoiceId":8,"NextAnswerId":1,"QuestionID":"QID35","DataVisibility":{"Private":false,"Hidden":false}}},{"SurveyID":"SV_8AhNKUkgXXDVaOa","Element":"SQ","PrimaryAttribute":"QID1","SecondaryAttribute":"Imagine that someone is communicating with you about a man named Peter. Peter is American, has an...","TertiaryAttribute":null,"Payload":{"QuestionText":"Imagine that someone is communicating with you about a man named <b>Peter<\/b>. Peter is American, has an interest in politics, and has voted <b>Republican<\/b> in the past.<br><br>The <b>communicator<\/b> states the following about <b>Peter<\/b>: On one occasion, there is a person in\na wheelchair who needs assistance getting up a ramp. Peter reaches for the handles of the\nwheelchair. Peter is helpful. On the other hand, on another occasion, while at work,\nPeter talks to one of his colleagues. While the colleague is still talking, Peter yawns\nloudly, turns and begins walking away. Peter walks back to his office.","DefaultChoices":false,"DataExportTag":"Q1","QuestionID":"QID1","QuestionType":"DB","Selector":"TB","DataVisibility":{"Private":false,"Hidden":false},"Configuration":{"QuestionDescriptionOption":"UseText"},"QuestionDescription":"Imagine that someone is communicating with you about a man named Peter. Peter is American, has an...","ChoiceOrder":[],"Validation":{"Settings":{"Type":"None"}},"GradingData":[],"Language":[],"NextChoiceId":4,"NextAnswerId":1}},{"SurveyID":"SV_8AhNKUkgXXDVaOa","Element":"SQ","PrimaryAttribute":"QID7","SecondaryAttribute":"Imagine that someone is communicating with you about a man named Peter. Peter is American, has an...","TertiaryAttribute":null,"Payload":{"QuestionText":"Imagine that someone is communicating with you about a man named <b>Peter<\/b>. Peter is American, has an interest in politics, and has voted <b>Republican<\/b> in the past.\n<br><br>The <b>communicator<\/b> states the following about <b>Peter<\/b>: On one occasion, there is a person in\na wheelchair who needs assistance getting up a ramp. Peter reaches for the handles of the\nwheelchair. Peter pushes the wheelchair up the ramp. On the other hand, on another\noccasion, while at work, Peter talks to one of his colleagues. While the colleague is still\ntalking, Peter yawns loudly, turns and begins walking away. Peter is rude.","DefaultChoices":false,"QuestionType":"DB","Selector":"TB","DataVisibility":{"Private":false,"Hidden":false},"Configuration":{"QuestionDescriptionOption":"UseText"},"QuestionDescription":"Imagine that someone is communicating with you about a man named Peter. Peter is American, has an...","ChoiceOrder":[],"Validation":{"Settings":{"Type":"None"}},"GradingData":[],"Language":[],"NextChoiceId":4,"NextAnswerId":1,"QuestionText_Unsafe":"The <b>communicator<\/b> states the following about <b>Peter<\/b>: On one occasion, there is a person in\na wheelchair who needs assistance getting up a ramp. Peter reaches for the handles of the\nwheelchair. Peter is helpful. On the other hand, on another occasion, while at work,\nPeter talks to one of his colleagues. While the colleague is still talking, Peter yawns\nloudly, turns and begins walking away. Peter walks back to his office.","DataExportTag":"Q7","QuestionID":"QID7"}},{"SurveyID":"SV_8AhNKUkgXXDVaOa","Element":"SQ","PrimaryAttribute":"QID18","SecondaryAttribute":"Imagine that someone is communicating with you about a man named Peter. Peter is American, has an...","TertiaryAttribute":null,"Payload":{"QuestionText":"Imagine that someone is communicating with you about a man named <b>Peter<\/b>. Peter is American, has an interest in politics, and has voted <b>Democratic<\/b> in the past.\n<br><br>The <b>communicator<\/b> states the following about <b>Peter<\/b>: On one occasion, there is a person in a wheelchair who needs assistance getting up a ramp. Peter reaches for the handles of the wheelchair. Peter is helpful. On the other hand, on another occasion, while at work, Peter talks to one of his colleagues. While the colleague is still talking, Peter yawns loudly, turns and begins walking away. Peter walks back to his office.","DefaultChoices":false,"QuestionType":"DB","Selector":"TB","DataVisibility":{"Private":false,"Hidden":false},"Configuration":{"QuestionDescriptionOption":"UseText"},"QuestionDescription":"Imagine that someone is communicating with you about a man named Peter. Peter is American, has an...","ChoiceOrder":[],"Validation":{"Settings":{"Type":"None"}},"GradingData":[],"Language":[],"NextChoiceId":4,"NextAnswerId":1,"QuestionText_Unsafe":"Imagine that someone is communicating with you about a man named <b>Peter<\/b>. Peter is American, has an interest in politics, and has voted <b>Republican<\/b> in the past.\n<br><br>The <b>communicator<\/b> states the following about <b>Peter<\/b>: On one occasion, there is a person in\na wheelchair who needs assistance getting up a ramp. Peter reaches for the handles of the\nwheelchair. Peter pushes the wheelchair up the ramp. On the other hand, on another\noccasion, while at work, Peter talks to one of his colleagues. While the colleague is still\ntalking, Peter yawns loudly, turns and begins walking away. Peter is rude.","DataExportTag":"Q18","QuestionID":"QID18"}},{"SurveyID":"SV_8AhNKUkgXXDVaOa","Element":"SQ","PrimaryAttribute":"QID23","SecondaryAttribute":"Imagine that someone is communicating with you about a man named Peter. Peter is American, has an...","TertiaryAttribute":null,"Payload":{"QuestionText":"Imagine that someone is communicating with you about a man named <b>Peter<\/b>. Peter is American, has an interest in politics, and has voted <b>Democratic<\/b> in the past.\n<br><br>The <b>communicator<\/b> states the following about <b>Peter<\/b>: On one occasion, there is a person in\na wheelchair who needs assistance getting up a ramp. Peter reaches for the handles of the\nwheelchair. Peter pushes the wheelchair up the ramp. On the other hand, on another\noccasion, while at work, Peter talks to one of his colleagues. While the colleague is still\ntalking, Peter yawns loudly, turns and begins walking away. Peter is rude.","DefaultChoices":false,"QuestionType":"DB","Selector":"TB","DataVisibility":{"Private":false,"Hidden":false},"Configuration":{"QuestionDescriptionOption":"UseText"},"QuestionDescription":"Imagine that someone is communicating with you about a man named Peter. Peter is American, has an...","ChoiceOrder":[],"Validation":{"Settings":{"Type":"None"}},"GradingData":[],"Language":[],"NextChoiceId":4,"NextAnswerId":1,"QuestionText_Unsafe":"Imagine that someone is communicating with you about a man named <b>Peter<\/b>. Peter is American, has an interest in politics, and has voted <b>Republican<\/b> in the past.\n<br><br>The <b>communicator<\/b> states the following about <b>Peter<\/b>: On one occasion, there is a person in\na wheelchair who needs assistance getting up a ramp. Peter reaches for the handles of the\nwheelchair. Peter pushes the wheelchair up the ramp. On the other hand, on another\noccasion, while at work, Peter talks to one of his colleagues. While the colleague is still\ntalking, Peter yawns loudly, turns and begins walking away. Peter is rude.","DataExportTag":"Q23","QuestionID":"QID23"}},{"SurveyID":"SV_8AhNKUkgXXDVaOa","Element":"SQ","PrimaryAttribute":"QID36","SecondaryAttribute":"In general, how would you describe your political views on social issues?","TertiaryAttribute":null,"Payload":{"QuestionText":"In general, how would you describe your political views on social issues?","DefaultChoices":false,"DataExportTag":"social_issues","QuestionType":"MC","Selector":"SAVR","SubSelector":"TX","Configuration":{"QuestionDescriptionOption":"UseText"},"QuestionDescription":"In general, how would you describe your political views on social issues?","Choices":{"1":{"Display":"Very liberal"},"2":{"Display":"Somewhat liberal"},"3":{"Display":"Middle of the road"},"4":{"Display":"Somewhat conservative"},"5":{"Display":"Very conservative"}},"ChoiceOrder":[1,2,3,4,5],"Validation":{"Settings":{"ForceResponse":"OFF","Type":"None"}},"GradingData":[],"Language":[],"NextChoiceId":6,"NextAnswerId":1,"QuestionID":"QID36","DataVisibility":{"Private":false,"Hidden":false}}},{"SurveyID":"SV_8AhNKUkgXXDVaOa","Element":"SQ","PrimaryAttribute":"QID5","SecondaryAttribute":"Please estimate the likelihood that the COMMUNICATOR is either a Democrat or a Republican.","TertiaryAttribute":null,"Payload":{"QuestionText":"Please estimate the likelihood that the <b>COMMUNICATOR <\/b>is either a Democrat or a Republican.","DataExportTag":"pol_cate1","QuestionType":"MC","Selector":"SAVR","SubSelector":"TX","Configuration":{"QuestionDescriptionOption":"UseText"},"QuestionDescription":"Please estimate the likelihood that the COMMUNICATOR is either a Democrat or a Republican.","Choices":{"1":{"Display":"Definitely a Republican"},"2":{"Display":"Mostly Republican"},"3":{"Display":"Slightly Republican"},"4":{"Display":"Moderate, with a slight Republican lean"},"5":{"Display":"Moderate, with a slight Democratic lean"},"6":{"Display":"Slightly Democrat"},"7":{"Display":"Mostly Democrat"},"8":{"Display":"Definitely a Democrat"}},"ChoiceOrder":[1,2,3,4,5,6,7,8],"Validation":{"Settings":{"ForceResponse":"ON","ForceResponseType":"ON","Type":"None"}},"Language":[],"NextChoiceId":9,"NextAnswerId":1,"QuestionID":"QID5","DataVisibility":{"Private":false,"Hidden":false}}},{"SurveyID":"SV_8AhNKUkgXXDVaOa","Element":"SQ","PrimaryAttribute":"QID10","SecondaryAttribute":"Please estimate the likelihood that the COMMUNICATOR is either a Democrat or a Republican.","TertiaryAttribute":null,"Payload":{"QuestionText":"Please estimate the likelihood that the <b>COMMUNICATOR <\/b>is either a Democrat or a Republican.","QuestionType":"MC","Selector":"SAVR","SubSelector":"TX","Configuration":{"QuestionDescriptionOption":"UseText"},"QuestionDescription":"Please estimate the likelihood that the COMMUNICATOR is either a Democrat or a Republican.","Choices":{"1":{"Display":"Definitely a Republican"},"2":{"Display":"Mostly Republican"},"3":{"Display":"Slightly Republican"},"4":{"Display":"Moderate, with a slight Republican lean"},"5":{"Display":"Moderate, with a slight Democratic lean"},"6":{"Display":"Slightly Democrat"},"7":{"Display":"Mostly Democrat"},"8":{"Display":"Definitely a Democrat"}},"ChoiceOrder":[1,2,3,4,5,6,7,8],"Validation":{"Settings":{"ForceResponse":"ON","ForceResponseType":"ON","Type":"None"}},"Language":[],"NextChoiceId":9,"NextAnswerId":1,"DataVisibility":{"Private":false,"Hidden":false},"QuestionText_Unsafe":"Please estimate the likelihood that the <b>COMMUNICATOR <\/b>is either a Democrat or a Republican.","DataExportTag":"pol_cate2","QuestionID":"QID10"}},{"SurveyID":"SV_8AhNKUkgXXDVaOa","Element":"SQ","PrimaryAttribute":"QID21","SecondaryAttribute":"Please estimate the likelihood that the COMMUNICATOR is either a Democrat or a Republican.","TertiaryAttribute":null,"Payload":{"QuestionText":"Please estimate the likelihood that the <b>COMMUNICATOR <\/b>is either a Democrat or a Republican.","QuestionType":"MC","Selector":"SAVR","SubSelector":"TX","Configuration":{"QuestionDescriptionOption":"UseText"},"QuestionDescription":"Please estimate the likelihood that the COMMUNICATOR is either a Democrat or a Republican.","Choices":{"1":{"Display":"Definitely a Republican"},"2":{"Display":"Mostly Republican"},"3":{"Display":"Slightly Republican"},"4":{"Display":"Moderate, with a slight Republican lean"},"5":{"Display":"Moderate, with a slight Democratic lean"},"6":{"Display":"Slightly Democrat"},"7":{"Display":"Mostly Democrat"},"8":{"Display":"Definitely a Democrat"}},"ChoiceOrder":[1,2,3,4,5,6,7,8],"Validation":{"Settings":{"ForceResponse":"ON","ForceResponseType":"ON","Type":"None"}},"Language":[],"NextChoiceId":9,"NextAnswerId":1,"DataVisibility":{"Private":false,"Hidden":false},"QuestionText_Unsafe":"Please estimate the likelihood that the <b>COMMUNICATOR <\/b>is either a Democrat or a Republican.","DataExportTag":"pol_cate3","QuestionID":"QID21"}},{"SurveyID":"SV_8AhNKUkgXXDVaOa","Element":"SQ","PrimaryAttribute":"QID26","SecondaryAttribute":"Please estimate the likelihood that the COMMUNICATOR is either a Democrat or a Republican.","TertiaryAttribute":null,"Payload":{"QuestionText":"Please estimate the likelihood that the <b>COMMUNICATOR <\/b>is either a Democrat or a Republican.","QuestionType":"MC","Selector":"SAVR","SubSelector":"TX","Configuration":{"QuestionDescriptionOption":"UseText"},"QuestionDescription":"Please estimate the likelihood that the COMMUNICATOR is either a Democrat or a Republican.","Choices":{"1":{"Display":"Definitely a Republican"},"2":{"Display":"Mostly Republican"},"3":{"Display":"Slightly Republican"},"4":{"Display":"Moderate, with a slight Republican lean"},"5":{"Display":"Moderate, with a slight Democratic lean"},"6":{"Display":"Slightly Democrat"},"7":{"Display":"Mostly Democrat"},"8":{"Display":"Definitely a Democrat"}},"ChoiceOrder":[1,2,3,4,5,6,7,8],"Validation":{"Settings":{"ForceResponse":"ON","ForceResponseType":"ON","Type":"None"}},"Language":[],"NextChoiceId":9,"NextAnswerId":1,"DataVisibility":{"Private":false,"Hidden":false},"QuestionText_Unsafe":"Please estimate the likelihood that the <b>COMMUNICATOR <\/b>is either a Democrat or a Republican.","DataExportTag":"pol_cate4","QuestionID":"QID26"}},{"SurveyID":"SV_8AhNKUkgXXDVaOa","Element":"SQ","PrimaryAttribute":"QID4","SecondaryAttribute":"Please estimate the percentage of future situations in which Peter is likely to be rude to others.","TertiaryAttribute":null,"Payload":{"QuestionText":"Please estimate the percentage of future situations in which <b>Peter<\/b> is likely to be rude to others.","DefaultChoices":false,"DataExportTag":"future_rude1","QuestionID":"QID4","QuestionType":"Slider","Selector":"HSLIDER","DataVisibility":{"Private":false,"Hidden":false},"Configuration":{"QuestionDescriptionOption":"UseText","CSSliderMin":0,"CSSliderMax":100,"GridLines":10,"NumDecimals":"0","ShowValue":true,"StarCount":5,"StarType":"discrete","CustomStart":true,"NotApplicable":false,"MobileFirst":true,"SliderStartPositions":{"1":0},"SnapToGrid":false},"QuestionDescription":"Please estimate the percentage of future situations in which Peter is likely to be rude to others.","Choices":{"1":{"Display":"Likelihood"}},"ChoiceOrder":[1],"Validation":{"Settings":{"ForceResponse":"ON","ForceResponseType":"ON","Type":"None"}},"GradingData":[],"Language":[],"NextChoiceId":2,"NextAnswerId":1,"Labels":[]}},{"SurveyID":"SV_8AhNKUkgXXDVaOa","Element":"SQ","PrimaryAttribute":"QID9","SecondaryAttribute":"Please estimate the percentage of future situations in which Peter is likely to be rude to others.","TertiaryAttribute":null,"Payload":{"QuestionText":"Please estimate the percentage of future situations in which <b>Peter<\/b> is likely to be rude to others.","DefaultChoices":false,"QuestionType":"Slider","Selector":"HSLIDER","DataVisibility":{"Private":false,"Hidden":false},"Configuration":{"QuestionDescriptionOption":"UseText","CSSliderMin":0,"CSSliderMax":100,"GridLines":10,"NumDecimals":"0","ShowValue":true,"StarCount":5,"StarType":"discrete","CustomStart":true,"NotApplicable":false,"MobileFirst":true,"SliderStartPositions":{"1":0},"SnapToGrid":false},"QuestionDescription":"Please estimate the percentage of future situations in which Peter is likely to be rude to others.","Choices":{"1":{"Display":"Likelihood"}},"ChoiceOrder":[1],"Validation":{"Settings":{"ForceResponse":"ON","ForceResponseType":"ON","Type":"None"}},"GradingData":[],"Language":[],"NextChoiceId":2,"NextAnswerId":1,"Labels":[],"QuestionText_Unsafe":"Please estimate the percentage of future situations in which <b>Peter<\/b> is likely to be rude to others.","DataExportTag":"future_rude2","QuestionID":"QID9"}},{"SurveyID":"SV_8AhNKUkgXXDVaOa","Element":"SQ","PrimaryAttribute":"QID20","SecondaryAttribute":"Please estimate the percentage of future situations in which Peter is likely to be rude to others.","TertiaryAttribute":null,"Payload":{"QuestionText":"Please estimate the percentage of future situations in which <b>Peter<\/b> is likely to be rude to others.","DefaultChoices":false,"QuestionType":"Slider","Selector":"HSLIDER","DataVisibility":{"Private":false,"Hidden":false},"Configuration":{"QuestionDescriptionOption":"UseText","CSSliderMin":0,"CSSliderMax":100,"GridLines":10,"NumDecimals":"0","ShowValue":true,"StarCount":5,"StarType":"discrete","CustomStart":true,"NotApplicable":false,"MobileFirst":true,"SliderStartPositions":{"1":0},"SnapToGrid":false},"QuestionDescription":"Please estimate the percentage of future situations in which Peter is likely to be rude to others.","Choices":{"1":{"Display":"Likelihood"}},"ChoiceOrder":[1],"Validation":{"Settings":{"ForceResponse":"ON","ForceResponseType":"ON","Type":"None"}},"GradingData":[],"Language":[],"NextChoiceId":2,"NextAnswerId":1,"Labels":[],"QuestionText_Unsafe":"Please estimate the percentage of future situations in which <b>Peter<\/b> is likely to be rude to others.","DataExportTag":"future_rude3","QuestionID":"QID20"}},{"SurveyID":"SV_8AhNKUkgXXDVaOa","Element":"SQ","PrimaryAttribute":"QID25","SecondaryAttribute":"Please estimate the percentage of future situations in which Peter is likely to be rude to others.","TertiaryAttribute":null,"Payload":{"QuestionText":"Please estimate the percentage of future situations in which <b>Peter<\/b> is likely to be rude to others.","DefaultChoices":false,"QuestionType":"Slider","Selector":"HSLIDER","DataVisibility":{"Private":false,"Hidden":false},"Configuration":{"QuestionDescriptionOption":"UseText","CSSliderMin":0,"CSSliderMax":100,"GridLines":10,"NumDecimals":"0","ShowValue":true,"StarCount":5,"StarType":"discrete","CustomStart":true,"NotApplicable":false,"MobileFirst":true,"SliderStartPositions":{"1":0},"SnapToGrid":false},"QuestionDescription":"Please estimate the percentage of future situations in which Peter is likely to be rude to others.","Choices":{"1":{"Display":"Likelihood"}},"ChoiceOrder":[1],"Validation":{"Settings":{"ForceResponse":"ON","ForceResponseType":"ON","Type":"None"}},"GradingData":[],"Language":[],"NextChoiceId":2,"NextAnswerId":1,"Labels":[],"QuestionText_Unsafe":"Please estimate the percentage of future situations in which <b>Peter<\/b> is likely to be rude to others.","DataExportTag":"future_rude4","QuestionID":"QID25"}},{"SurveyID":"SV_8AhNKUkgXXDVaOa","Element":"SQ","PrimaryAttribute":"QID3","SecondaryAttribute":"Please estimate the percentage of future situations in which Peter is likely to help others.","TertiaryAttribute":null,"Payload":{"QuestionText":"Please estimate the percentage of future situations in which <b>Peter<\/b> is likely to help others.","DefaultChoices":false,"DataExportTag":"future_help1","QuestionID":"QID3","QuestionType":"Slider","Selector":"HSLIDER","Configuration":{"QuestionDescriptionOption":"UseText","CSSliderMin":0,"CSSliderMax":100,"GridLines":10,"SnapToGrid":false,"NumDecimals":"0","ShowValue":true,"CustomStart":true,"NotApplicable":false,"MobileFirst":true,"SliderStartPositions":{"1":0}},"QuestionDescription":"Please estimate the percentage of future situations in which Peter is likely to help others.","Choices":{"1":{"Display":"Likelihood"}},"ChoiceOrder":[1],"Validation":{"Settings":{"ForceResponse":"ON","ForceResponseType":"ON","Type":"None"}},"GradingData":[],"Language":[],"NextChoiceId":2,"NextAnswerId":1,"Labels":[],"DataVisibility":{"Private":false,"Hidden":false}}},{"SurveyID":"SV_8AhNKUkgXXDVaOa","Element":"SQ","PrimaryAttribute":"QID8","SecondaryAttribute":"Please estimate the percentage of future situations in which Peter is likely to help others.","TertiaryAttribute":null,"Payload":{"QuestionText":"Please estimate the percentage of future situations in which <b>Peter<\/b> is likely to help others.","DefaultChoices":false,"QuestionType":"Slider","Selector":"HSLIDER","Configuration":{"QuestionDescriptionOption":"UseText","CSSliderMin":0,"CSSliderMax":100,"GridLines":10,"SnapToGrid":false,"NumDecimals":"0","ShowValue":true,"CustomStart":true,"NotApplicable":false,"MobileFirst":true,"SliderStartPositions":{"1":0}},"QuestionDescription":"Please estimate the percentage of future situations in which Peter is likely to help others.","Choices":{"1":{"Display":"Likelihood"}},"ChoiceOrder":[1],"Validation":{"Settings":{"ForceResponse":"ON","ForceResponseType":"ON","Type":"None"}},"GradingData":[],"Language":[],"NextChoiceId":2,"NextAnswerId":1,"Labels":[],"DataVisibility":{"Private":false,"Hidden":false},"QuestionText_Unsafe":"Please estimate the percentage of future situations in which <b>Peter<\/b> is likely to help others.","DataExportTag":"future_help2","QuestionID":"QID8"}},{"SurveyID":"SV_8AhNKUkgXXDVaOa","Element":"SQ","PrimaryAttribute":"QID19","SecondaryAttribute":"Please estimate the percentage of future situations in which Peter is likely to help others.","TertiaryAttribute":null,"Payload":{"QuestionText":"Please estimate the percentage of future situations in which <b>Peter<\/b> is likely to help others.","DefaultChoices":false,"QuestionType":"Slider","Selector":"HSLIDER","Configuration":{"QuestionDescriptionOption":"UseText","CSSliderMin":0,"CSSliderMax":100,"GridLines":10,"SnapToGrid":false,"NumDecimals":"0","ShowValue":true,"CustomStart":true,"NotApplicable":false,"MobileFirst":true,"SliderStartPositions":{"1":0}},"QuestionDescription":"Please estimate the percentage of future situations in which Peter is likely to help others.","Choices":{"1":{"Display":"Likelihood"}},"ChoiceOrder":[1],"Validation":{"Settings":{"ForceResponse":"ON","ForceResponseType":"ON","Type":"None"}},"GradingData":[],"Language":[],"NextChoiceId":2,"NextAnswerId":1,"Labels":[],"DataVisibility":{"Private":false,"Hidden":false},"QuestionText_Unsafe":"Please estimate the percentage of future situations in which <b>Peter<\/b> is likely to help others.","DataExportTag":"future_help3","QuestionID":"QID19"}},{"SurveyID":"SV_8AhNKUkgXXDVaOa","Element":"SQ","PrimaryAttribute":"QID24","SecondaryAttribute":"Please estimate the percentage of future situations in which Peter is likely to help others.","TertiaryAttribute":null,"Payload":{"QuestionText":"Please estimate the percentage of future situations in which <b>Peter<\/b> is likely to help others.","DefaultChoices":false,"QuestionType":"Slider","Selector":"HSLIDER","Configuration":{"QuestionDescriptionOption":"UseText","CSSliderMin":0,"CSSliderMax":100,"GridLines":10,"SnapToGrid":false,"NumDecimals":"0","ShowValue":true,"CustomStart":true,"NotApplicable":false,"MobileFirst":true,"SliderStartPositions":{"1":0}},"QuestionDescription":"Please estimate the percentage of future situations in which Peter is likely to help others.","Choices":{"1":{"Display":"Likelihood"}},"ChoiceOrder":[1],"Validation":{"Settings":{"ForceResponse":"ON","ForceResponseType":"ON","Type":"None"}},"GradingData":[],"Language":[],"NextChoiceId":2,"NextAnswerId":1,"Labels":[],"DataVisibility":{"Private":false,"Hidden":false},"QuestionText_Unsafe":"Please estimate the percentage of future situations in which <b>Peter<\/b> is likely to help others.","DataExportTag":"future_help4","QuestionID":"QID24"}},{"SurveyID":"SV_8AhNKUkgXXDVaOa","Element":"SQ","PrimaryAttribute":"QID40","SecondaryAttribute":"Thank you for taking part in this study. Please click the button below to be redirected back to P...","TertiaryAttribute":null,"Payload":{"QuestionText":"Thank you for taking part in this study. Please click the button below to be redirected back to Prolific and register your submission.","DefaultChoices":false,"DataExportTag":"Q33","QuestionID":"QID40","QuestionType":"DB","Selector":"TB","Configuration":{"QuestionDescriptionOption":"UseText"},"QuestionDescription":"Thank you for taking part in this study. Please click the button below to be redirected back to P...","ChoiceOrder":[],"Validation":{"Settings":{"Type":"None"}},"GradingData":[],"Language":[],"NextChoiceId":4,"NextAnswerId":1}},{"SurveyID":"SV_8AhNKUkgXXDVaOa","Element":"SQ","PrimaryAttribute":"QID33","SecondaryAttribute":"Were you born in the United States?","TertiaryAttribute":null,"Payload":{"QuestionText":"Were you born in the United States?","DefaultChoices":false,"DataExportTag":"birth","QuestionID":"QID33","QuestionType":"MC","Selector":"SAVR","SubSelector":"TX","Configuration":{"QuestionDescriptionOption":"UseText","Autoscale":{"YScale":{"Name":"yesNo","Type":"likert","Reverse":true}}},"QuestionDescription":"Were you born in the United States?","Choices":{"1":{"Display":"Yes"},"2":{"Display":"No"}},"ChoiceOrder":[1,2],"Validation":{"Settings":{"ForceResponse":"OFF","Type":"None"}},"GradingData":[],"Language":[],"NextChoiceId":3,"NextAnswerId":1,"DataVisibility":{"Private":false,"Hidden":false}}},{"SurveyID":"SV_8AhNKUkgXXDVaOa","Element":"SQ","PrimaryAttribute":"QID32","SecondaryAttribute":"What is your age?","TertiaryAttribute":null,"Payload":{"QuestionText":"What is your age?","DefaultChoices":false,"DataExportTag":"age","QuestionType":"TE","Selector":"SL","Configuration":{"QuestionDescriptionOption":"UseText"},"QuestionDescription":"What is your age?","Validation":{"Settings":{"ForceResponse":"OFF","Type":"ContentType","MinChars":"1","ContentType":"ValidNumber","ValidDateType":"DateWithFormat","ValidPhoneType":"ValidUSPhone","ValidZipType":"ValidUSZip","ValidNumber":{"Min":"1","Max":"100","NumDecimals":""}}},"GradingData":[],"Language":[],"NextChoiceId":4,"NextAnswerId":1,"SearchSource":{"AllowFreeResponse":"false"},"QuestionID":"QID32","DataVisibility":{"Private":false,"Hidden":false}}},{"SurveyID":"SV_8AhNKUkgXXDVaOa","Element":"SQ","PrimaryAttribute":"QID13","SecondaryAttribute":"What is your Prolific ID? Please note that this response should auto-fill with the correct ID.\u00a0","TertiaryAttribute":null,"Payload":{"QuestionText":"What is your Prolific ID?<br>\n<em>Please note that this response should auto-fill with the correct ID.<\/em><span style=\"text-align: center;\">&nbsp;<\/span><em><br><\/em>","DefaultChoices":{"TEXT":{"Text":"${e:\/\/Field\/PROLIFIC_PID}"}},"DataExportTag":"ID","QuestionID":"QID13","QuestionType":"TE","Selector":"SL","DataVisibility":{"Private":false,"Hidden":false},"Configuration":{"QuestionDescriptionOption":"UseText"},"QuestionDescription":"What is your Prolific ID? Please note that this response should auto-fill with the correct ID.\u00a0","Validation":{"Settings":{"ForceResponse":"OFF","Type":"None"}},"GradingData":[],"Language":[],"NextChoiceId":4,"NextAnswerId":1,"SearchSource":{"AllowFreeResponse":"false"}}},{"SurveyID":"SV_8AhNKUkgXXDVaOa","Element":"SQ","PrimaryAttribute":"QID31","SecondaryAttribute":"What is your race\/ethnicity?","TertiaryAttribute":null,"Payload":{"QuestionText":"What is your race\/ethnicity?","DefaultChoices":false,"DataExportTag":"race","QuestionID":"QID31","QuestionType":"MC","Selector":"DL","Configuration":{"QuestionDescriptionOption":"UseText"},"QuestionDescription":"What is your race\/ethnicity?","Choices":{"1":{"Display":"White"},"2":{"Display":"Black or African American"},"3":{"Display":"American Indian or Alaska Native"},"4":{"Display":"Asian or Pacific Islander"},"5":{"Display":"Hispanic"},"6":{"Display":"Other"}},"ChoiceOrder":[1,2,3,4,5,6],"Validation":{"Settings":{"ForceResponse":"OFF","Type":"None"}},"GradingData":[],"Language":[],"NextChoiceId":7,"NextAnswerId":1,"DataVisibility":{"Private":false,"Hidden":false}}},{"SurveyID":"SV_8AhNKUkgXXDVaOa","Element":"SQ","PrimaryAttribute":"QID42","SecondaryAttribute":"Which of the following statements accurately reflects Peter's behavior as described in the previo...","TertiaryAttribute":null,"Payload":{"QuestionText":"Which of the following statements accurately reflects Peter's behavior as described in the previous page?","DefaultChoices":false,"DataExportTag":"attention","QuestionType":"MC","Selector":"SAVR","SubSelector":"TX","Configuration":{"QuestionDescriptionOption":"UseText"},"QuestionDescription":"Which of the following statements accurately reflects Peter's behavior as described in the previo...","Choices":{"1":{"Display":"Peter always shows politeness and attentive behavior in every situation."},"2":{"Display":"Peter helps a person in a wheelchair up a ramp, but also displays rude behavior by yawning and walking away while his colleague is talking."},"3":{"Display":"Peter never interacts with his colleagues at work."},"4":{"Display":"Peter refuses to help a person in a wheelchair"}},"ChoiceOrder":["1","2","3","4"],"Validation":{"Settings":{"ForceResponse":"ON","ForceResponseType":"ON","Type":"None"}},"GradingData":[],"Language":[],"NextChoiceId":5,"NextAnswerId":1,"QuestionID":"QID42","DataVisibility":{"Private":false,"Hidden":false}}}]}